
Microsoft Visual Studio Solution File, Format Version 12.00
# Visual Studio Version 16
VisualStudioVersion = 16.0.31624.102
MinimumVisualStudioVersion = 10.0.40219.1
Project("{FAE04EC0-301F-11D3-BF4B-00C04F79EFBC}") = "GithubTests", "GithubTests\GithubTests.csproj", "{6AF2E66D-04EB-4C72-98DB-AF572A93CED6}"
EndProject
Global
	GlobalSection(SolutionConfigurationPlatforms) = preSolution
		Debug|Any CPU = Debug|Any CPU
		Release|Any CPU = Release|Any CPU
	EndGlobalSection
	GlobalSection(ProjectConfigurationPlatforms) = postSolution
		{6AF2E66D-04EB-4C72-98DB-AF572A93CED6}.Debug|Any CPU.ActiveCfg = Debug|Any CPU
		{6AF2E66D-04EB-4C72-98DB-AF572A93CED6}.Debug|Any CPU.Build.0 = Debug|Any CPU
		{6AF2E66D-04EB-4C72-98DB-AF572A93CED6}.Release|Any CPU.ActiveCfg = Release|Any CPU
		{6AF2E66D-04EB-4C72-98DB-AF572A93CED6}.Release|Any CPU.Build.0 = Release|Any CPU
	EndGlobalSection
	GlobalSection(SolutionProperties) = preSolution
		HideSolutionNode = FALSE
	EndGlobalSection
	GlobalSection(ExtensibilityGlobals) = postSolution
		SolutionGuid = {FFD6EDB0-E878-4F58-9B10-B083C787169B}
	EndGlobalSection
EndGlobal
